<?xml version="1.0" encoding="utf-8"?>
<Project ToolsVersion="4.0" xmlns="http://schemas.microsoft.com/developer/msbuild/2003">
  <ItemGroup>
    <Filter Include="Source">
      <UniqueIdentifier>{0be06cc7-8289-4621-ad74-f7e32b7e1b8c}</UniqueIdentifier>
    </Filter>
    <Filter Include="Source\Framework">
      <UniqueIdentifier>{bb8768f6-a7af-4c97-8e85-4d4706e0297f}</UniqueIdentifier>
    </Filter>
    <Filter Include="Source\Framework\Graphics">
      <UniqueIdentifier>{f067275c-ba99-4779-8822-0493e8c0486d}</UniqueIdentifier>
    </Filter>
    <Filter Include="Source\Framework\Maths">
      <UniqueIdentifier>{5f526f7f-095e-4865-9614-887ba43a6aff}</UniqueIdentifier>
    </Filter>
    <Filter Include="Source\Framework\Audio">
      <UniqueIdentifier>{0615a7d1-8a02-4622-86f7-268ea9f2eb45}</UniqueIdentifier>
    </Filter>
    <Filter Include="Source\Framework\Input">
      <UniqueIdentifier>{11d90b54-d5ca-4b71-ab11-a64fe4380d1c}</UniqueIdentifier>
    </Filter>
    <Filter Include="Source\Game">
      <UniqueIdentifier>{ec49512a-38b7-4c95-aa38-876bac200968}</UniqueIdentifier>
    </Filter>
    <Filter Include="Source\Game\Resources">
      <UniqueIdentifier>{72d92dc3-f4ae-4d0d-9348-219640b6f773}</UniqueIdentifier>
    </Filter>
    <Filter Include="Source\Game\Resources\Scenes">
      <UniqueIdentifier>{14aa4999-2d7c-427a-b5dc-dc1cd105045a}</UniqueIdentifier>
    </Filter>
    <Filter Include="Source\Game\Resources\Textures">
      <UniqueIdentifier>{1d511e01-5c4a-495d-b39e-1a4947a3caf1}</UniqueIdentifier>
    </Filter>
    <Filter Include="Source\Game\Resources\Shaders">
      <UniqueIdentifier>{310aad60-8ab4-495d-b1dd-bfe3d7cef4be}</UniqueIdentifier>
    </Filter>
  </ItemGroup>
  <ItemGroup>
    <ClCompile Include="Framework\Graphics\Window.cpp">
      <Filter>Source\Framework\Graphics</Filter>
    </ClCompile>
    <ClCompile Include="Framework\Input\Keyboard.cpp">
      <Filter>Source\Framework\Input</Filter>
    </ClCompile>
    <ClCompile Include="Framework\Input\Mouse.cpp">
      <Filter>Source\Framework\Input</Filter>
    </ClCompile>
    <ClCompile Include="Framework\Graphics\gl_core_4_3.cpp">
      <Filter>Source\Framework\Graphics</Filter>
    </ClCompile>
    <ClCompile Include="Framework\Graphics\Bitmap.cpp">
      <Filter>Source\Framework\Graphics</Filter>
    </ClCompile>
    <ClCompile Include="Framework\Graphics\Texture.cpp">
      <Filter>Source\Framework\Graphics</Filter>
    </ClCompile>
    <ClCompile Include="Framework\Graphics\Skybox.cpp">
      <Filter>Source\Framework\Graphics</Filter>
    </ClCompile>
    <ClCompile Include="Framework\Graphics\glslprogram.cpp">
      <Filter>Source\Framework\Graphics</Filter>
    </ClCompile>
    <ClCompile Include="Framework\Graphics\Camera.cpp">
      <Filter>Source\Framework\Graphics</Filter>
    </ClCompile>
    <ClCompile Include="Framework\Graphics\Scene.cpp">
      <Filter>Source\Framework\Graphics</Filter>
    </ClCompile>
    <ClCompile Include="Game\Resources\Scenes\RoomScene.cpp">
      <Filter>Source\Game\Resources\Scenes</Filter>
    </ClCompile>
    <ClCompile Include="Framework\Graphics\Model.cpp">
      <Filter>Source\Framework\Graphics</Filter>
    </ClCompile>
    <ClCompile Include="Game\Main.cpp">
      <Filter>Source\Game</Filter>
    </ClCompile>
  </ItemGroup>
  <ItemGroup>
    <ClInclude Include="Framework\Graphics\Window.h">
      <Filter>Source\Framework\Graphics</Filter>
    </ClInclude>
    <ClInclude Include="Framework\Input\Keyboard.h">
      <Filter>Source\Framework\Input</Filter>
    </ClInclude>
    <ClInclude Include="Framework\Input\Mouse.h">
      <Filter>Source\Framework\Input</Filter>
    </ClInclude>
    <ClInclude Include="Framework\Graphics\gl_core_4_3.hpp">
      <Filter>Source\Framework\Graphics</Filter>
    </ClInclude>
    <ClInclude Include="Framework\Graphics\Bitmap.h">
      <Filter>Source\Framework\Graphics</Filter>
    </ClInclude>
    <ClInclude Include="Framework\Graphics\Texture.h">
      <Filter>Source\Framework\Graphics</Filter>
    </ClInclude>
    <ClInclude Include="Framework\Graphics\Skybox.h">
      <Filter>Source\Framework\Graphics</Filter>
    </ClInclude>
    <ClInclude Include="Framework\Graphics\Scene.h">
      <Filter>Source\Framework\Graphics</Filter>
    </ClInclude>
    <ClInclude Include="Framework\Graphics\glslprogram.h">
      <Filter>Source\Framework\Graphics</Filter>
    </ClInclude>
    <ClInclude Include="Framework\Graphics\Camera.h">
      <Filter>Source\Framework\Graphics</Filter>
    </ClInclude>
    <ClInclude Include="Game\Resources\Scenes\RoomScene.h">
      <Filter>Source\Game\Resources\Scenes</Filter>
    </ClInclude>
    <ClInclude Include="Framework\Graphics\Model.h">
      <Filter>Source\Framework\Graphics</Filter>
    </ClInclude>
    <ClInclude Include="Framework\Graphics\TextureLoader.h">
      <Filter>Source\Framework\Graphics</Filter>
    </ClInclude>
    <ClInclude Include="Framework\Graphics\ShaderLib.h">
      <Filter>Source\Framework\Graphics</Filter>
    </ClInclude>
    <ClInclude Include="Framework\Maths\Angle.h">
      <Filter>Source\Framework\Maths</Filter>
    </ClInclude>
  </ItemGroup>
  <ItemGroup>
    <None Include="Game\Resources\Shaders\skybox.frag">
      <Filter>Source\Game\Resources\Shaders</Filter>
    </None>
    <None Include="Game\Resources\Shaders\skybox.vert">
      <Filter>Source\Game\Resources\Shaders</Filter>
    </None>
    <None Include="Game\Resources\Shaders\model.vert">
      <Filter>Source\Game\Resources\Shaders</Filter>
    </None>
    <None Include="Game\Resources\Shaders\model.frag">
      <Filter>Source\Game\Resources\Shaders</Filter>
    </None>
  </ItemGroup>
  <ItemGroup>
    <Image Include="Game\Resources\Textures\Skybox\room_b.jpg">
      <Filter>Source\Game\Resources\Textures</Filter>
    </Image>
    <Image Include="Game\Resources\Textures\Skybox\room_d.jpg">
      <Filter>Source\Game\Resources\Textures</Filter>
    </Image>
    <Image Include="Game\Resources\Textures\Skybox\room_f.jpg">
      <Filter>Source\Game\Resources\Textures</Filter>
    </Image>
    <Image Include="Game\Resources\Textures\Skybox\room_l.jpg">
      <Filter>Source\Game\Resources\Textures</Filter>
    </Image>
    <Image Include="Game\Resources\Textures\Skybox\room_r.jpg">
      <Filter>Source\Game\Resources\Textures</Filter>
    </Image>
    <Image Include="Game\Resources\Textures\Skybox\room_u.jpg">
      <Filter>Source\Game\Resources\Textures</Filter>
    </Image>
  </ItemGroup>
</Project>