<?xml version="1.0" encoding="utf-8"?>
<Project ToolsVersion="4.0" xmlns="http://schemas.microsoft.com/developer/msbuild/2003">
  <ItemGroup>
    <Filter Include="Source">
      <UniqueIdentifier>{0be06cc7-8289-4621-ad74-f7e32b7e1b8c}</UniqueIdentifier>
    </Filter>
    <Filter Include="Source\Framework">
      <UniqueIdentifier>{bb8768f6-a7af-4c97-8e85-4d4706e0297f}</UniqueIdentifier>
    </Filter>
    <Filter Include="Source\Framework\Graphics">
      <UniqueIdentifier>{f067275c-ba99-4779-8822-0493e8c0486d}</UniqueIdentifier>
    </Filter>
    <Filter Include="Source\Framework\Maths">
      <UniqueIdentifier>{5f526f7f-095e-4865-9614-887ba43a6aff}</UniqueIdentifier>
    </Filter>
    <Filter Include="Source\Framework\Audio">
      <UniqueIdentifier>{0615a7d1-8a02-4622-86f7-268ea9f2eb45}</UniqueIdentifier>
    </Filter>
    <Filter Include="Source\Framework\Input">
      <UniqueIdentifier>{11d90b54-d5ca-4b71-ab11-a64fe4380d1c}</UniqueIdentifier>
    </Filter>
    <Filter Include="Source\Systems">
      <UniqueIdentifier>{a8e3f4d9-56e9-4a37-95e5-5d8be96eec30}</UniqueIdentifier>
    </Filter>
    <Filter Include="Source\Messaging">
      <UniqueIdentifier>{6ce20149-b4c3-4ac0-b8b7-e35323348a3f}</UniqueIdentifier>
    </Filter>
    <Filter Include="Source\Systems\Graphics">
      <UniqueIdentifier>{da94291b-12b8-423b-815f-7fab5872c89c}</UniqueIdentifier>
    </Filter>
    <Filter Include="Source\Systems\Graphics\Shaders">
      <UniqueIdentifier>{9b6944b0-2f72-4548-8d5a-dcc8d438cb1e}</UniqueIdentifier>
    </Filter>
    <Filter Include="Source\Systems\Graphics\Textures">
      <UniqueIdentifier>{1d511e01-5c4a-495d-b39e-1a4947a3caf1}</UniqueIdentifier>
    </Filter>
    <Filter Include="Source\Systems\Graphics\Scenes">
      <UniqueIdentifier>{14aa4999-2d7c-427a-b5dc-dc1cd105045a}</UniqueIdentifier>
    </Filter>
  </ItemGroup>
  <ItemGroup>
    <ClCompile Include="Main.cpp">
      <Filter>Source</Filter>
    </ClCompile>
    <ClCompile Include="Framework\Graphics\Window.cpp">
      <Filter>Source\Framework\Graphics</Filter>
    </ClCompile>
    <ClCompile Include="Framework\Input\Keyboard.cpp">
      <Filter>Source\Framework\Input</Filter>
    </ClCompile>
    <ClCompile Include="Framework\Input\Mouse.cpp">
      <Filter>Source\Framework\Input</Filter>
    </ClCompile>
    <ClCompile Include="Framework\Graphics\gl_core_4_3.cpp">
      <Filter>Source\Framework\Graphics</Filter>
    </ClCompile>
    <ClCompile Include="Framework\Graphics\Bitmap.cpp">
      <Filter>Source\Framework\Graphics</Filter>
    </ClCompile>
    <ClCompile Include="Framework\Graphics\Texture.cpp">
      <Filter>Source\Framework\Graphics</Filter>
    </ClCompile>
    <ClCompile Include="Framework\Graphics\Skybox.cpp">
      <Filter>Source\Framework\Graphics</Filter>
    </ClCompile>
    <ClCompile Include="Framework\Graphics\glslprogram.cpp">
      <Filter>Source\Framework\Graphics</Filter>
    </ClCompile>
    <ClCompile Include="Framework\Graphics\Camera.cpp">
      <Filter>Source\Framework\Graphics</Filter>
    </ClCompile>
    <ClCompile Include="Framework\Graphics\Scene.cpp">
      <Filter>Source\Framework\Graphics</Filter>
    </ClCompile>
    <ClCompile Include="Systems\Graphics\Scenes\RoomScene.cpp">
      <Filter>Source\Systems\Graphics\Scenes</Filter>
    </ClCompile>
  </ItemGroup>
  <ItemGroup>
    <ClInclude Include="Framework\Graphics\Window.h">
      <Filter>Source\Framework\Graphics</Filter>
    </ClInclude>
    <ClInclude Include="Framework\Input\Keyboard.h">
      <Filter>Source\Framework\Input</Filter>
    </ClInclude>
    <ClInclude Include="Framework\Input\Mouse.h">
      <Filter>Source\Framework\Input</Filter>
    </ClInclude>
    <ClInclude Include="Framework\Graphics\gl_core_4_3.hpp">
      <Filter>Source\Framework\Graphics</Filter>
    </ClInclude>
    <ClInclude Include="Framework\Graphics\Bitmap.h">
      <Filter>Source\Framework\Graphics</Filter>
    </ClInclude>
    <ClInclude Include="Framework\Graphics\Texture.h">
      <Filter>Source\Framework\Graphics</Filter>
    </ClInclude>
    <ClInclude Include="Framework\Graphics\Skybox.h">
      <Filter>Source\Framework\Graphics</Filter>
    </ClInclude>
    <ClInclude Include="Framework\Graphics\Scene.h">
      <Filter>Source\Framework\Graphics</Filter>
    </ClInclude>
    <ClInclude Include="Framework\Graphics\glslprogram.h">
      <Filter>Source\Framework\Graphics</Filter>
    </ClInclude>
    <ClInclude Include="Framework\Graphics\Camera.h">
      <Filter>Source\Framework\Graphics</Filter>
    </ClInclude>
    <ClInclude Include="Systems\Graphics\Scenes\RoomScene.h">
      <Filter>Source\Systems\Graphics\Scenes</Filter>
    </ClInclude>
  </ItemGroup>
  <ItemGroup>
    <Image Include="Systems\Graphics\Textures\Skybox\TowerHousepano_b.jpg">
      <Filter>Source\Systems\Graphics\Textures</Filter>
    </Image>
    <Image Include="Systems\Graphics\Textures\Skybox\TowerHousepano_d.jpg">
      <Filter>Source\Systems\Graphics\Textures</Filter>
    </Image>
    <Image Include="Systems\Graphics\Textures\Skybox\TowerHousepano_f.jpg">
      <Filter>Source\Systems\Graphics\Textures</Filter>
    </Image>
    <Image Include="Systems\Graphics\Textures\Skybox\TowerHousepano_l.jpg">
      <Filter>Source\Systems\Graphics\Textures</Filter>
    </Image>
    <Image Include="Systems\Graphics\Textures\Skybox\TowerHousepano_r.jpg">
      <Filter>Source\Systems\Graphics\Textures</Filter>
    </Image>
    <Image Include="Systems\Graphics\Textures\Skybox\TowerHousepano_u.jpg">
      <Filter>Source\Systems\Graphics\Textures</Filter>
    </Image>
  </ItemGroup>
  <ItemGroup>
    <None Include="Systems\Graphics\Shaders\skybox.frag">
      <Filter>Source\Systems\Graphics\Shaders</Filter>
    </None>
    <None Include="Systems\Graphics\Shaders\skybox.vert">
      <Filter>Source\Systems\Graphics\Shaders</Filter>
    </None>
  </ItemGroup>
</Project>